
Microsoft Visual Studio Solution File, Format Version 12.00
# Visual Studio 15
VisualStudioVersion = 15.0.27703.2047
MinimumVisualStudioVersion = 10.0.40219.1
Project("{9A19103F-16F7-4668-BE54-9A1E7A4F7556}") = "NakedObjects.Architecture", "Core.netstandard\NakedObjects.Architecture\NakedObjects.Architecture.csproj", "{8D328481-C461-4AC0-B8D7-55FA6AE99CAB}"
EndProject
Global
	GlobalSection(SolutionConfigurationPlatforms) = preSolution
		Debug|Any CPU = Debug|Any CPU
		Release|Any CPU = Release|Any CPU
	EndGlobalSection
	GlobalSection(ProjectConfigurationPlatforms) = postSolution
		{8D328481-C461-4AC0-B8D7-55FA6AE99CAB}.Debug|Any CPU.ActiveCfg = Debug|Any CPU
		{8D328481-C461-4AC0-B8D7-55FA6AE99CAB}.Debug|Any CPU.Build.0 = Debug|Any CPU
		{8D328481-C461-4AC0-B8D7-55FA6AE99CAB}.Release|Any CPU.ActiveCfg = Release|Any CPU
		{8D328481-C461-4AC0-B8D7-55FA6AE99CAB}.Release|Any CPU.Build.0 = Release|Any CPU
	EndGlobalSection
	GlobalSection(SolutionProperties) = preSolution
		HideSolutionNode = FALSE
	EndGlobalSection
	GlobalSection(ExtensibilityGlobals) = postSolution
		SolutionGuid = {F0F341CC-2DA2-49F3-BE8C-BA92C2BB6DE7}
	EndGlobalSection
EndGlobal
