
Microsoft Visual Studio Solution File, Format Version 12.00
# Visual Studio 15
VisualStudioVersion = 15.0.28010.2048
MinimumVisualStudioVersion = 10.0.40219.1
Project("{2150E333-8FDC-42A3-9474-1A3956D46DE8}") = ".nuget", ".nuget", "{5BBA91B2-8F10-4606-92A6-5D626658365B}"
	ProjectSection(SolutionItems) = preProject
		.nuget\packages.config = .nuget\packages.config
	EndProjectSection
EndProject
Project("{2150E333-8FDC-42A3-9474-1A3956D46DE8}") = ".build", ".build", "{736F4309-4D92-4EE2-8C0B-5CA5ECED0FAA}"
	ProjectSection(SolutionItems) = preProject
		Build.proj = Build.proj
		.build\MSBuild.Community.Tasks.dll = .build\MSBuild.Community.Tasks.dll
		.build\MSBuild.Community.Tasks.targets = .build\MSBuild.Community.Tasks.targets
	EndProjectSection
EndProject
Project("{FAE04EC0-301F-11D3-BF4B-00C04F79EFBC}") = "NakedFunctions.Rest.App.DemoOwin", "Demo\NakedFunctions.Rest.App.DemoOwin\NakedFunctions.Rest.App.DemoOwin.csproj", "{97B6951E-33AD-4F8A-A4D7-2E73963E03C4}"
EndProject
Project("{FAE04EC0-301F-11D3-BF4B-00C04F79EFBC}") = "AdventureWorksFunctionalModel", "Samples\AdventureWorksFunctionalModel\AdventureWorksFunctionalModel.csproj", "{FFFBEEDE-8AC9-4EFA-B707-0FE2D9A62347}"
EndProject
Project("{FAE04EC0-301F-11D3-BF4B-00C04F79EFBC}") = "Template.Client", "Template_NOF10\Template.Client\Template.Client.csproj", "{9F3A372C-4F7F-4094-A399-BCB2E8397D2E}"
EndProject
Global
	GlobalSection(SolutionConfigurationPlatforms) = preSolution
		Debug|Any CPU = Debug|Any CPU
		Debug|x86 = Debug|x86
		Release|Any CPU = Release|Any CPU
		Release|x86 = Release|x86
	EndGlobalSection
	GlobalSection(ProjectConfigurationPlatforms) = postSolution
		{97B6951E-33AD-4F8A-A4D7-2E73963E03C4}.Debug|Any CPU.ActiveCfg = Debug|Any CPU
		{97B6951E-33AD-4F8A-A4D7-2E73963E03C4}.Debug|Any CPU.Build.0 = Debug|Any CPU
		{97B6951E-33AD-4F8A-A4D7-2E73963E03C4}.Debug|x86.ActiveCfg = Debug|Any CPU
		{97B6951E-33AD-4F8A-A4D7-2E73963E03C4}.Debug|x86.Build.0 = Debug|Any CPU
		{97B6951E-33AD-4F8A-A4D7-2E73963E03C4}.Release|Any CPU.ActiveCfg = Release|Any CPU
		{97B6951E-33AD-4F8A-A4D7-2E73963E03C4}.Release|Any CPU.Build.0 = Release|Any CPU
		{97B6951E-33AD-4F8A-A4D7-2E73963E03C4}.Release|x86.ActiveCfg = Release|Any CPU
		{97B6951E-33AD-4F8A-A4D7-2E73963E03C4}.Release|x86.Build.0 = Release|Any CPU
		{FFFBEEDE-8AC9-4EFA-B707-0FE2D9A62347}.Debug|Any CPU.ActiveCfg = Debug|Any CPU
		{FFFBEEDE-8AC9-4EFA-B707-0FE2D9A62347}.Debug|Any CPU.Build.0 = Debug|Any CPU
		{FFFBEEDE-8AC9-4EFA-B707-0FE2D9A62347}.Debug|x86.ActiveCfg = Debug|Any CPU
		{FFFBEEDE-8AC9-4EFA-B707-0FE2D9A62347}.Debug|x86.Build.0 = Debug|Any CPU
		{FFFBEEDE-8AC9-4EFA-B707-0FE2D9A62347}.Release|Any CPU.ActiveCfg = Release|Any CPU
		{FFFBEEDE-8AC9-4EFA-B707-0FE2D9A62347}.Release|Any CPU.Build.0 = Release|Any CPU
		{FFFBEEDE-8AC9-4EFA-B707-0FE2D9A62347}.Release|x86.ActiveCfg = Release|Any CPU
		{FFFBEEDE-8AC9-4EFA-B707-0FE2D9A62347}.Release|x86.Build.0 = Release|Any CPU
		{9F3A372C-4F7F-4094-A399-BCB2E8397D2E}.Debug|Any CPU.ActiveCfg = Debug|Any CPU
		{9F3A372C-4F7F-4094-A399-BCB2E8397D2E}.Debug|Any CPU.Build.0 = Debug|Any CPU
		{9F3A372C-4F7F-4094-A399-BCB2E8397D2E}.Debug|x86.ActiveCfg = Debug|Any CPU
		{9F3A372C-4F7F-4094-A399-BCB2E8397D2E}.Debug|x86.Build.0 = Debug|Any CPU
		{9F3A372C-4F7F-4094-A399-BCB2E8397D2E}.Release|Any CPU.ActiveCfg = Release|Any CPU
		{9F3A372C-4F7F-4094-A399-BCB2E8397D2E}.Release|Any CPU.Build.0 = Release|Any CPU
		{9F3A372C-4F7F-4094-A399-BCB2E8397D2E}.Release|x86.ActiveCfg = Release|Any CPU
		{9F3A372C-4F7F-4094-A399-BCB2E8397D2E}.Release|x86.Build.0 = Release|Any CPU
	EndGlobalSection
	GlobalSection(SolutionProperties) = preSolution
		HideSolutionNode = FALSE
	EndGlobalSection
	GlobalSection(ExtensibilityGlobals) = postSolution
		SolutionGuid = {58FB55FB-FAD7-4C09-8CB7-B2764BA26CBF}
	EndGlobalSection
EndGlobal
