
Microsoft Visual Studio Solution File, Format Version 12.00
# Visual Studio 15
VisualStudioVersion = 15.0.27703.2047
MinimumVisualStudioVersion = 10.0.40219.1
Project("{9A19103F-16F7-4668-BE54-9A1E7A4F7556}") = "NakedObjects.Attributes", "Programming Model\NakedObjects.Attributes\NakedObjects.Attributes.csproj", "{58D54A65-87A0-4710-828F-12018B3078EB}"
EndProject
Project("{9A19103F-16F7-4668-BE54-9A1E7A4F7556}") = "NakedObjects.Helpers", "Programming Model\NakedObjects.Helpers\NakedObjects.Helpers.csproj", "{635CC3E0-EA12-4BB2-A821-3256EB481D55}"
EndProject
Project("{9A19103F-16F7-4668-BE54-9A1E7A4F7556}") = "NakedObjects.Types", "Programming Model\NakedObjects.Types\NakedObjects.Types.csproj", "{B600FB3B-14C0-46E1-ABF2-A7604214BA56}"
EndProject
Project("{9A19103F-16F7-4668-BE54-9A1E7A4F7556}") = "NakedObjects.PMResources", "Programming Model\NakedObjects.PMResources\NakedObjects.PMResources.csproj", "{8DFDA5B0-448B-4779-8EA6-ED6DB9423BA9}"
EndProject
Global
	GlobalSection(SolutionConfigurationPlatforms) = preSolution
		Debug|Any CPU = Debug|Any CPU
		Release|Any CPU = Release|Any CPU
	EndGlobalSection
	GlobalSection(ProjectConfigurationPlatforms) = postSolution
		{58D54A65-87A0-4710-828F-12018B3078EB}.Debug|Any CPU.ActiveCfg = Debug|Any CPU
		{58D54A65-87A0-4710-828F-12018B3078EB}.Debug|Any CPU.Build.0 = Debug|Any CPU
		{58D54A65-87A0-4710-828F-12018B3078EB}.Release|Any CPU.ActiveCfg = Release|Any CPU
		{58D54A65-87A0-4710-828F-12018B3078EB}.Release|Any CPU.Build.0 = Release|Any CPU
		{635CC3E0-EA12-4BB2-A821-3256EB481D55}.Debug|Any CPU.ActiveCfg = Debug|Any CPU
		{635CC3E0-EA12-4BB2-A821-3256EB481D55}.Debug|Any CPU.Build.0 = Debug|Any CPU
		{635CC3E0-EA12-4BB2-A821-3256EB481D55}.Release|Any CPU.ActiveCfg = Release|Any CPU
		{635CC3E0-EA12-4BB2-A821-3256EB481D55}.Release|Any CPU.Build.0 = Release|Any CPU
		{B600FB3B-14C0-46E1-ABF2-A7604214BA56}.Debug|Any CPU.ActiveCfg = Debug|Any CPU
		{B600FB3B-14C0-46E1-ABF2-A7604214BA56}.Debug|Any CPU.Build.0 = Debug|Any CPU
		{B600FB3B-14C0-46E1-ABF2-A7604214BA56}.Release|Any CPU.ActiveCfg = Release|Any CPU
		{B600FB3B-14C0-46E1-ABF2-A7604214BA56}.Release|Any CPU.Build.0 = Release|Any CPU
		{8DFDA5B0-448B-4779-8EA6-ED6DB9423BA9}.Debug|Any CPU.ActiveCfg = Debug|Any CPU
		{8DFDA5B0-448B-4779-8EA6-ED6DB9423BA9}.Debug|Any CPU.Build.0 = Debug|Any CPU
		{8DFDA5B0-448B-4779-8EA6-ED6DB9423BA9}.Release|Any CPU.ActiveCfg = Release|Any CPU
		{8DFDA5B0-448B-4779-8EA6-ED6DB9423BA9}.Release|Any CPU.Build.0 = Release|Any CPU
	EndGlobalSection
	GlobalSection(SolutionProperties) = preSolution
		HideSolutionNode = FALSE
	EndGlobalSection
	GlobalSection(ExtensibilityGlobals) = postSolution
		SolutionGuid = {976ADC9C-6039-4C4A-83CE-24186128518F}
	EndGlobalSection
EndGlobal
